github.com/go-http-utils/headers v0.0.0-20181008091004-fed159eddc2a h1:v6zMvHuY9yue4+QkG/HQ/W67wvtQmWJ4SDo9aK/GIno=
github.com/go-http-utils/headers v0.0.0-20181008091004-fed159eddc2a/go.mod h1:I79BieaU4fxrw4LMXby6q5OS9XnoR9UIKLOzDFjUmuw=
github.com/ldez/mimetype v0.2.0 h1:Or72ImqWLcyOGLx4q9/xLzmYetXWbZiMyrhHVMfPzGk=
github.com/ldez/mimetype v0.2.0/go.mod h1:BMAWd6fldVhl4Pum2iJUO8KG3uFKRaXIKmV+A27So4s=
